// !$*UTF8*$!
{
	archiveVersion = 1;
	classes = {
	};
	objectVersion = 56;
	objects = {

/* Begin PBXBuildFile section */
		7604D33B29775572001C2871 /* MainView.swift in Sources */ = {isa = PBXBuildFile; fileRef = 7604D33A29775572001C2871 /* MainView.swift */; };
		7604D33C29775572001C2871 /* MainView.swift in Sources */ = {isa = PBXBuildFile; fileRef = 7604D33A29775572001C2871 /* MainView.swift */; };
		7604D33D29775572001C2871 /* MainView.swift in Sources */ = {isa = PBXBuildFile; fileRef = 7604D33A29775572001C2871 /* MainView.swift */; };
		7604D33F297755B1001C2871 /* SettingsView.swift in Sources */ = {isa = PBXBuildFile; fileRef = 7604D33E297755B1001C2871 /* SettingsView.swift */; };
		7604D340297755B1001C2871 /* SettingsView.swift in Sources */ = {isa = PBXBuildFile; fileRef = 7604D33E297755B1001C2871 /* SettingsView.swift */; };
		7604D341297755B1001C2871 /* SettingsView.swift in Sources */ = {isa = PBXBuildFile; fileRef = 7604D33E297755B1001C2871 /* SettingsView.swift */; };
		761911E02980939300558CD0 /* Lab1_2023App.swift in Sources */ = {isa = PBXBuildFile; fileRef = 763FE507296E194100DFAB6C /* Lab1_2023App.swift */; };
		761911E12980939400558CD0 /* Lab1_2023App.swift in Sources */ = {isa = PBXBuildFile; fileRef = 763FE507296E194100DFAB6C /* Lab1_2023App.swift */; };
		761911E2298093A500558CD0 /* DetailView.swift in Sources */ = {isa = PBXBuildFile; fileRef = 763FE509296E194100DFAB6C /* DetailView.swift */; };
		761911E3298093A500558CD0 /* DetailView.swift in Sources */ = {isa = PBXBuildFile; fileRef = 763FE509296E194100DFAB6C /* DetailView.swift */; };
		763FE508296E194100DFAB6C /* Lab1_2023App.swift in Sources */ = {isa = PBXBuildFile; fileRef = 763FE507296E194100DFAB6C /* Lab1_2023App.swift */; };
		763FE50A296E194100DFAB6C /* DetailView.swift in Sources */ = {isa = PBXBuildFile; fileRef = 763FE509296E194100DFAB6C /* DetailView.swift */; };
		763FE50C296E194300DFAB6C /* Assets.xcassets in Resources */ = {isa = PBXBuildFile; fileRef = 763FE50B296E194300DFAB6C /* Assets.xcassets */; };
		763FE50F296E194300DFAB6C /* Preview Assets.xcassets in Resources */ = {isa = PBXBuildFile; fileRef = 763FE50E296E194300DFAB6C /* Preview Assets.xcassets */; };
		763FE519296E194400DFAB6C /* Lab1_2023Tests.swift in Sources */ = {isa = PBXBuildFile; fileRef = 763FE518296E194400DFAB6C /* Lab1_2023Tests.swift */; };
		763FE523296E194400DFAB6C /* Lab1_2023UITests.swift in Sources */ = {isa = PBXBuildFile; fileRef = 763FE522296E194400DFAB6C /* Lab1_2023UITests.swift */; };
/* End PBXBuildFile section */

/* Begin PBXContainerItemProxy section */
		763FE515296E194400DFAB6C /* PBXContainerItemProxy */ = {
			isa = PBXContainerItemProxy;
			containerPortal = 763FE4FC296E194100DFAB6C /* Project object */;
			proxyType = 1;
			remoteGlobalIDString = 763FE503296E194100DFAB6C;
			remoteInfo = Lab1_2023;
		};
		763FE51F296E194400DFAB6C /* PBXContainerItemProxy */ = {
			isa = PBXContainerItemProxy;
			containerPortal = 763FE4FC296E194100DFAB6C /* Project object */;
			proxyType = 1;
			remoteGlobalIDString = 763FE503296E194100DFAB6C;
			remoteInfo = Lab1_2023;
		};
/* End PBXContainerItemProxy section */

/* Begin PBXFileReference section */
		7604D33A29775572001C2871 /* MainView.swift */ = {isa = PBXFileReference; lastKnownFileType = sourcecode.swift; path = MainView.swift; sourceTree = "<group>"; };
		7604D33E297755B1001C2871 /* SettingsView.swift */ = {isa = PBXFileReference; lastKnownFileType = sourcecode.swift; path = SettingsView.swift; sourceTree = "<group>"; };
		763FE504296E194100DFAB6C /* Lab1_2023.app */ = {isa = PBXFileReference; explicitFileType = wrapper.application; includeInIndex = 0; path = Lab1_2023.app; sourceTree = BUILT_PRODUCTS_DIR; };
		763FE507296E194100DFAB6C /* Lab1_2023App.swift */ = {isa = PBXFileReference; lastKnownFileType = sourcecode.swift; path = Lab1_2023App.swift; sourceTree = "<group>"; };
		763FE509296E194100DFAB6C /* DetailView.swift */ = {isa = PBXFileReference; lastKnownFileType = sourcecode.swift; path = DetailView.swift; sourceTree = "<group>"; };
		763FE50B296E194300DFAB6C /* Assets.xcassets */ = {isa = PBXFileReference; lastKnownFileType = folder.assetcatalog; path = Assets.xcassets; sourceTree = "<group>"; };
		763FE50E296E194300DFAB6C /* Preview Assets.xcassets */ = {isa = PBXFileReference; lastKnownFileType = folder.assetcatalog; path = "Preview Assets.xcassets"; sourceTree = "<group>"; };
		763FE514296E194400DFAB6C /* Lab1_2023Tests.xctest */ = {isa = PBXFileReference; explicitFileType = wrapper.cfbundle; includeInIndex = 0; path = Lab1_2023Tests.xctest; sourceTree = BUILT_PRODUCTS_DIR; };
		763FE518296E194400DFAB6C /* Lab1_2023Tests.swift */ = {isa = PBXFileReference; lastKnownFileType = sourcecode.swift; path = Lab1_2023Tests.swift; sourceTree = "<group>"; };
		763FE51E296E194400DFAB6C /* Lab1_2023UITests.xctest */ = {isa = PBXFileReference; explicitFileType = wrapper.cfbundle; includeInIndex = 0; path = Lab1_2023UITests.xctest; sourceTree = BUILT_PRODUCTS_DIR; };
		763FE522296E194400DFAB6C /* Lab1_2023UITests.swift */ = {isa = PBXFileReference; lastKnownFileType = sourcecode.swift; path = Lab1_2023UITests.swift; sourceTree = "<group>"; };
/* End PBXFileReference section */

/* Begin PBXFrameworksBuildPhase section */
		763FE501296E194100DFAB6C /* Frameworks */ = {
			isa = PBXFrameworksBuildPhase;
			buildActionMask = 2147483647;
			files = (
			);
			runOnlyForDeploymentPostprocessing = 0;
		};
		763FE511296E194400DFAB6C /* Frameworks */ = {
			isa = PBXFrameworksBuildPhase;
			buildActionMask = 2147483647;
			files = (
			);
			runOnlyForDeploymentPostprocessing = 0;
		};
		763FE51B296E194400DFAB6C /* Frameworks */ = {
			isa = PBXFrameworksBuildPhase;
			buildActionMask = 2147483647;
			files = (
			);
			runOnlyForDeploymentPostprocessing = 0;
		};
/* End PBXFrameworksBuildPhase section */

/* Begin PBXGroup section */
		763FE4FB296E194100DFAB6C = {
			isa = PBXGroup;
			children = (
				763FE506296E194100DFAB6C /* Lab1_2023 */,
				763FE517296E194400DFAB6C /* Lab1_2023Tests */,
				763FE521296E194400DFAB6C /* Lab1_2023UITests */,
				763FE505296E194100DFAB6C /* Products */,
			);
			sourceTree = "<group>";
		};
		763FE505296E194100DFAB6C /* Products */ = {
			isa = PBXGroup;
			children = (
				763FE504296E194100DFAB6C /* Lab1_2023.app */,
				763FE514296E194400DFAB6C /* Lab1_2023Tests.xctest */,
				763FE51E296E194400DFAB6C /* Lab1_2023UITests.xctest */,
			);
			name = Products;
			sourceTree = "<group>";
		};
		763FE506296E194100DFAB6C /* Lab1_2023 */ = {
			isa = PBXGroup;
			children = (
				763FE507296E194100DFAB6C /* Lab1_2023App.swift */,
				763FE509296E194100DFAB6C /* DetailView.swift */,
				7604D33A29775572001C2871 /* MainView.swift */,
				7604D33E297755B1001C2871 /* SettingsView.swift */,
				763FE50B296E194300DFAB6C /* Assets.xcassets */,
				763FE50D296E194300DFAB6C /* Preview Content */,
			);
			path = Lab1_2023;
			sourceTree = "<group>";
		};
		763FE50D296E194300DFAB6C /* Preview Content */ = {
			isa = PBXGroup;
			children = (
				763FE50E296E194300DFAB6C /* Preview Assets.xcassets */,
			);
			path = "Preview Content";
			sourceTree = "<group>";
		};
		763FE517296E194400DFAB6C /* Lab1_2023Tests */ = {
			isa = PBXGroup;
			children = (
				763FE518296E194400DFAB6C /* Lab1_2023Tests.swift */,
			);
			path = Lab1_2023Tests;
			sourceTree = "<group>";
		};
		763FE521296E194400DFAB6C /* Lab1_2023UITests */ = {
			isa = PBXGroup;
			children = (
				763FE522296E194400DFAB6C /* Lab1_2023UITests.swift */,
			);
			path = Lab1_2023UITests;
			sourceTree = "<group>";
		};
/* End PBXGroup section */

/* Begin PBXNativeTarget section */
		763FE503296E194100DFAB6C /* Lab1_2023 */ = {
			isa = PBXNativeTarget;
			buildConfigurationList = 763FE528296E194400DFAB6C /* Build configuration list for PBXNativeTarget "Lab1_2023" */;
			buildPhases = (
				763FE500296E194100DFAB6C /* Sources */,
				763FE501296E194100DFAB6C /* Frameworks */,
				763FE502296E194100DFAB6C /* Resources */,
			);
			buildRules = (
			);
			dependencies = (
			);
			name = Lab1_2023;
			productName = Lab1_2023;
			productReference = 763FE504296E194100DFAB6C /* Lab1_2023.app */;
			productType = "com.apple.product-type.application";
		};
		763FE513296E194400DFAB6C /* Lab1_2023Tests */ = {
			isa = PBXNativeTarget;
			buildConfigurationList = 763FE52B296E194400DFAB6C /* Build configuration list for PBXNativeTarget "Lab1_2023Tests" */;
			buildPhases = (
				763FE510296E194400DFAB6C /* Sources */,
				763FE511296E194400DFAB6C /* Frameworks */,
				763FE512296E194400DFAB6C /* Resources */,
			);
			buildRules = (
			);
			dependencies = (
				763FE516296E194400DFAB6C /* PBXTargetDependency */,
			);
			name = Lab1_2023Tests;
			productName = Lab1_2023Tests;
			productReference = 763FE514296E194400DFAB6C /* Lab1_2023Tests.xctest */;
			productType = "com.apple.product-type.bundle.unit-test";
		};
		763FE51D296E194400DFAB6C /* Lab1_2023UITests */ = {
			isa = PBXNativeTarget;
			buildConfigurationList = 763FE52E296E194400DFAB6C /* Build configuration list for PBXNativeTarget "Lab1_2023UITests" */;
			buildPhases = (
				763FE51A296E194400DFAB6C /* Sources */,
				763FE51B296E194400DFAB6C /* Frameworks */,
				763FE51C296E194400DFAB6C /* Resources */,
			);
			buildRules = (
			);
			dependencies = (
				763FE520296E194400DFAB6C /* PBXTargetDependency */,
			);
			name = Lab1_2023UITests;
			productName = Lab1_2023UITests;
			productReference = 763FE51E296E194400DFAB6C /* Lab1_2023UITests.xctest */;
			productType = "com.apple.product-type.bundle.ui-testing";
		};
/* End PBXNativeTarget section */

/* Begin PBXProject section */
		763FE4FC296E194100DFAB6C /* Project object */ = {
			isa = PBXProject;
			attributes = {
				BuildIndependentTargetsInParallel = 1;
				LastSwiftUpdateCheck = 1420;
				LastUpgradeCheck = 1420;
				TargetAttributes = {
					763FE503296E194100DFAB6C = {
						CreatedOnToolsVersion = 14.2;
					};
					763FE513296E194400DFAB6C = {
						CreatedOnToolsVersion = 14.2;
						TestTargetID = 763FE503296E194100DFAB6C;
					};
					763FE51D296E194400DFAB6C = {
						CreatedOnToolsVersion = 14.2;
						TestTargetID = 763FE503296E194100DFAB6C;
					};
				};
			};
			buildConfigurationList = 763FE4FF296E194100DFAB6C /* Build configuration list for PBXProject "Lab1_2023" */;
			compatibilityVersion = "Xcode 14.0";
			developmentRegion = en;
			hasScannedForEncodings = 0;
			knownRegions = (
				en,
				Base,
			);
			mainGroup = 763FE4FB296E194100DFAB6C;
			productRefGroup = 763FE505296E194100DFAB6C /* Products */;
			projectDirPath = "";
			projectRoot = "";
			targets = (
				763FE503296E194100DFAB6C /* Lab1_2023 */,
				763FE513296E194400DFAB6C /* Lab1_2023Tests */,
				763FE51D296E194400DFAB6C /* Lab1_2023UITests */,
			);
		};
/* End PBXProject section */

/* Begin PBXResourcesBuildPhase section */
		763FE502296E194100DFAB6C /* Resources */ = {
			isa = PBXResourcesBuildPhase;
			buildActionMask = 2147483647;
			files = (
				763FE50F296E194300DFAB6C /* Preview Assets.xcassets in Resources */,
				763FE50C296E194300DFAB6C /* Assets.xcassets in Resources */,
			);
			runOnlyForDeploymentPostprocessing = 0;
		};
		763FE512296E194400DFAB6C /* Resources */ = {
			isa = PBXResourcesBuildPhase;
			buildActionMask = 2147483647;
			files = (
			);
			runOnlyForDeploymentPostprocessing = 0;
		};
		763FE51C296E194400DFAB6C /* Resources */ = {
			isa = PBXResourcesBuildPhase;
			buildActionMask = 2147483647;
			files = (
			);
			runOnlyForDeploymentPostprocessing = 0;
		};
/* End PBXResourcesBuildPhase section */

/* Begin PBXSourcesBuildPhase section */
		763FE500296E194100DFAB6C /* Sources */ = {
			isa = PBXSourcesBuildPhase;
			buildActionMask = 2147483647;
			files = (
				763FE50A296E194100DFAB6C /* DetailView.swift in Sources */,
				7604D33F297755B1001C2871 /* SettingsView.swift in Sources */,
				7604D33B29775572001C2871 /* MainView.swift in Sources */,
				763FE508296E194100DFAB6C /* Lab1_2023App.swift in Sources */,
			);
			runOnlyForDeploymentPostprocessing = 0;
		};
		763FE510296E194400DFAB6C /* Sources */ = {
			isa = PBXSourcesBuildPhase;
			buildActionMask = 2147483647;
			files = (
				761911E02980939300558CD0 /* Lab1_2023App.swift in Sources */,
				7604D340297755B1001C2871 /* SettingsView.swift in Sources */,
				763FE519296E194400DFAB6C /* Lab1_2023Tests.swift in Sources */,
				761911E2298093A500558CD0 /* DetailView.swift in Sources */,
				7604D33C29775572001C2871 /* MainView.swift in Sources */,
			);
			runOnlyForDeploymentPostprocessing = 0;
		};
		763FE51A296E194400DFAB6C /* Sources */ = {
			isa = PBXSourcesBuildPhase;
			buildActionMask = 2147483647;
			files = (
				763FE523296E194400DFAB6C /* Lab1_2023UITests.swift in Sources */,
				761911E3298093A500558CD0 /* DetailView.swift in Sources */,
				7604D341297755B1001C2871 /* SettingsView.swift in Sources */,
				761911E12980939400558CD0 /* Lab1_2023App.swift in Sources */,
				7604D33D29775572001C2871 /* MainView.swift in Sources */,
			);
			runOnlyForDeploymentPostprocessing = 0;
		};
/* End PBXSourcesBuildPhase section */

/* Begin PBXTargetDependency section */
		763FE516296E194400DFAB6C /* PBXTargetDependency */ = {
			isa = PBXTargetDependency;
			target = 763FE503296E194100DFAB6C /* Lab1_2023 */;
			targetProxy = 763FE515296E194400DFAB6C /* PBXContainerItemProxy */;
		};
		763FE520296E194400DFAB6C /* PBXTargetDependency */ = {
			isa = PBXTargetDependency;
			target = 763FE503296E194100DFAB6C /* Lab1_2023 */;
			targetProxy = 763FE51F296E194400DFAB6C /* PBXContainerItemProxy */;
		};
/* End PBXTargetDependency section */

/* Begin XCBuildConfiguration section */
		763FE526296E194400DFAB6C /* Debug */ = {
			isa = XCBuildConfiguration;
			buildSettings = {
				ALWAYS_SEARCH_USER_PATHS = NO;
				CLANG_ANALYZER_NONNULL = YES;
				CLANG_ANALYZER_NUMBER_OBJECT_CONVERSION = YES_AGGRESSIVE;
				CLANG_CXX_LANGUAGE_STANDARD = "gnu++20";
				CLANG_ENABLE_MODULES = YES;
				CLANG_ENABLE_OBJC_ARC = YES;
				CLANG_ENABLE_OBJC_WEAK = YES;
				CLANG_WARN_BLOCK_CAPTURE_AUTORELEASING = YES;
				CLANG_WARN_BOOL_CONVERSION = YES;
				CLANG_WARN_COMMA = YES;
				CLANG_WARN_CONSTANT_CONVERSION = YES;
				CLANG_WARN_DEPRECATED_OBJC_IMPLEMENTATIONS = YES;
				CLANG_WARN_DIRECT_OBJC_ISA_USAGE = YES_ERROR;
				CLANG_WARN_DOCUMENTATION_COMMENTS = YES;
				CLANG_WARN_EMPTY_BODY = YES;
				CLANG_WARN_ENUM_CONVERSION = YES;
				CLANG_WARN_INFINITE_RECURSION = YES;
				CLANG_WARN_INT_CONVERSION = YES;
				CLANG_WARN_NON_LITERAL_NULL_CONVERSION = YES;
				CLANG_WARN_OBJC_IMPLICIT_RETAIN_SELF = YES;
				CLANG_WARN_OBJC_LITERAL_CONVERSION = YES;
				CLANG_WARN_OBJC_ROOT_CLASS = YES_ERROR;
				CLANG_WARN_QUOTED_INCLUDE_IN_FRAMEWORK_HEADER = YES;
				CLANG_WARN_RANGE_LOOP_ANALYSIS = YES;
				CLANG_WARN_STRICT_PROTOTYPES = YES;
				CLANG_WARN_SUSPICIOUS_MOVE = YES;
				CLANG_WARN_UNGUARDED_AVAILABILITY = YES_AGGRESSIVE;
				CLANG_WARN_UNREACHABLE_CODE = YES;
				CLANG_WARN__DUPLICATE_METHOD_MATCH = YES;
				COPY_PHASE_STRIP = NO;
				DEBUG_INFORMATION_FORMAT = dwarf;
				ENABLE_STRICT_OBJC_MSGSEND = YES;
				ENABLE_TESTABILITY = YES;
				GCC_C_LANGUAGE_STANDARD = gnu11;
				GCC_DYNAMIC_NO_PIC = NO;
				GCC_NO_COMMON_BLOCKS = YES;
				GCC_OPTIMIZATION_LEVEL = 0;
				GCC_PREPROCESSOR_DEFINITIONS = (
					"DEBUG=1",
					"$(inherited)",
				);
				GCC_WARN_64_TO_32_BIT_CONVERSION = YES;
				GCC_WARN_ABOUT_RETURN_TYPE = YES_ERROR;
				GCC_WARN_UNDECLARED_SELECTOR = YES;
				GCC_WARN_UNINITIALIZED_AUTOS = YES_AGGRESSIVE;
				GCC_WARN_UNUSED_FUNCTION = YES;
				GCC_WARN_UNUSED_VARIABLE = YES;
				IPHONEOS_DEPLOYMENT_TARGET = 16.2;
				MTL_ENABLE_DEBUG_INFO = INCLUDE_SOURCE;
				MTL_FAST_MATH = YES;
				ONLY_ACTIVE_ARCH = YES;
				SDKROOT = iphoneos;
				SWIFT_ACTIVE_COMPILATION_CONDITIONS = DEBUG;
				SWIFT_OPTIMIZATION_LEVEL = "-Onone";
			};
			name = Debug;
		};
		763FE527296E194400DFAB6C /* Release */ = {
			isa = XCBuildConfiguration;
			buildSettings = {
				ALWAYS_SEARCH_USER_PATHS = NO;
				CLANG_ANALYZER_NONNULL = YES;
				CLANG_ANALYZER_NUMBER_OBJECT_CONVERSION = YES_AGGRESSIVE;
				CLANG_CXX_LANGUAGE_STANDARD = "gnu++20";
				CLANG_ENABLE_MODULES = YES;
				CLANG_ENABLE_OBJC_ARC = YES;
				CLANG_ENABLE_OBJC_WEAK = YES;
				CLANG_WARN_BLOCK_CAPTURE_AUTORELEASING = YES;
				CLANG_WARN_BOOL_CONVERSION = YES;
				CLANG_WARN_COMMA = YES;
				CLANG_WARN_CONSTANT_CONVERSION = YES;
				CLANG_WARN_DEPRECATED_OBJC_IMPLEMENTATIONS = YES;
				CLANG_WARN_DIRECT_OBJC_ISA_USAGE = YES_ERROR;
				CLANG_WARN_DOCUMENTATION_COMMENTS = YES;
				CLANG_WARN_EMPTY_BODY = YES;
				CLANG_WARN_ENUM_CONVERSION = YES;
				CLANG_WARN_INFINITE_RECURSION = YES;
				CLANG_WARN_INT_CONVERSION = YES;
				CLANG_WARN_NON_LITERAL_NULL_CONVERSION = YES;
				CLANG_WARN_OBJC_IMPLICIT_RETAIN_SELF = YES;
				CLANG_WARN_OBJC_LITERAL_CONVERSION = YES;
				CLANG_WARN_OBJC_ROOT_CLASS = YES_ERROR;
				CLANG_WARN_QUOTED_INCLUDE_IN_FRAMEWORK_HEADER = YES;
				CLANG_WARN_RANGE_LOOP_ANALYSIS = YES;
				CLANG_WARN_STRICT_PROTOTYPES = YES;
				CLANG_WARN_SUSPICIOUS_MOVE = YES;
				CLANG_WARN_UNGUARDED_AVAILABILITY = YES_AGGRESSIVE;
				CLANG_WARN_UNREACHABLE_CODE = YES;
				CLANG_WARN__DUPLICATE_METHOD_MATCH = YES;
				COPY_PHASE_STRIP = NO;
				DEBUG_INFORMATION_FORMAT = "dwarf-with-dsym";
				ENABLE_NS_ASSERTIONS = NO;
				ENABLE_STRICT_OBJC_MSGSEND = YES;
				GCC_C_LANGUAGE_STANDARD = gnu11;
				GCC_NO_COMMON_BLOCKS = YES;
				GCC_WARN_64_TO_32_BIT_CONVERSION = YES;
				GCC_WARN_ABOUT_RETURN_TYPE = YES_ERROR;
				GCC_WARN_UNDECLARED_SELECTOR = YES;
				GCC_WARN_UNINITIALIZED_AUTOS = YES_AGGRESSIVE;
				GCC_WARN_UNUSED_FUNCTION = YES;
				GCC_WARN_UNUSED_VARIABLE = YES;
				IPHONEOS_DEPLOYMENT_TARGET = 16.2;
				MTL_ENABLE_DEBUG_INFO = NO;
				MTL_FAST_MATH = YES;
				SDKROOT = iphoneos;
				SWIFT_COMPILATION_MODE = wholemodule;
				SWIFT_OPTIMIZATION_LEVEL = "-O";
				VALIDATE_PRODUCT = YES;
			};
			name = Release;
		};
		763FE529296E194400DFAB6C /* Debug */ = {
			isa = XCBuildConfiguration;
			buildSettings = {
				ASSETCATALOG_COMPILER_APPICON_NAME = AppIcon;
				ASSETCATALOG_COMPILER_GLOBAL_ACCENT_COLOR_NAME = AccentColor;
				CODE_SIGN_STYLE = Automatic;
				CURRENT_PROJECT_VERSION = 1;
				DEVELOPMENT_ASSET_PATHS = "\"Lab1_2023/Preview Content\"";
				DEVELOPMENT_TEAM = VM9Q295534;
				ENABLE_PREVIEWS = YES;
				GENERATE_INFOPLIST_FILE = YES;
				INFOPLIST_KEY_UIApplicationSceneManifest_Generation = YES;
				INFOPLIST_KEY_UIApplicationSupportsIndirectInputEvents = YES;
				INFOPLIST_KEY_UILaunchScreen_Generation = YES;
				INFOPLIST_KEY_UISupportedInterfaceOrientations_iPad = "UIInterfaceOrientationPortrait UIInterfaceOrientationPortraitUpsideDown UIInterfaceOrientationLandscapeLeft UIInterfaceOrientationLandscapeRight";
				INFOPLIST_KEY_UISupportedInterfaceOrientations_iPhone = "UIInterfaceOrientationPortrait UIInterfaceOrientationLandscapeLeft UIInterfaceOrientationLandscapeRight";
				LD_RUNPATH_SEARCH_PATHS = (
					"$(inherited)",
					"@executable_path/Frameworks",
				);
				MARKETING_VERSION = 1.0;
				PRODUCT_BUNDLE_IDENTIFIER = "ca.camosun.ics21-242.Lab1-2023";
				PRODUCT_NAME = "$(TARGET_NAME)";
				SWIFT_EMIT_LOC_STRINGS = YES;
				SWIFT_VERSION = 5.0;
				TARGETED_DEVICE_FAMILY = "1,2";
			};
			name = Debug;
		};
		763FE52A296E194400DFAB6C /* Release */ = {
			isa = XCBuildConfiguration;
			buildSettings = {
				ASSETCATALOG_COMPILER_APPICON_NAME = AppIcon;
				ASSETCATALOG_COMPILER_GLOBAL_ACCENT_COLOR_NAME = AccentColor;
				CODE_SIGN_STYLE = Automatic;
				CURRENT_PROJECT_VERSION = 1;
				DEVELOPMENT_ASSET_PATHS = "\"Lab1_2023/Preview Content\"";
				DEVELOPMENT_TEAM = VM9Q295534;
				ENABLE_PREVIEWS = YES;
				GENERATE_INFOPLIST_FILE = YES;
				INFOPLIST_KEY_UIApplicationSceneManifest_Generation = YES;
				INFOPLIST_KEY_UIApplicationSupportsIndirectInputEvents = YES;
				INFOPLIST_KEY_UILaunchScreen_Generation = YES;
				INFOPLIST_KEY_UISupportedInterfaceOrientations_iPad = "UIInterfaceOrientationPortrait UIInterfaceOrientationPortraitUpsideDown UIInterfaceOrientationLandscapeLeft UIInterfaceOrientationLandscapeRight";
				INFOPLIST_KEY_UISupportedInterfaceOrientations_iPhone = "UIInterfaceOrientationPortrait UIInterfaceOrientationLandscapeLeft UIInterfaceOrientationLandscapeRight";
				LD_RUNPATH_SEARCH_PATHS = (
					"$(inherited)",
					"@executable_path/Frameworks",
				);
				MARKETING_VERSION = 1.0;
				PRODUCT_BUNDLE_IDENTIFIER = "ca.camosun.ics21-242.Lab1-2023";
				PRODUCT_NAME = "$(TARGET_NAME)";
				SWIFT_EMIT_LOC_STRINGS = YES;
				SWIFT_VERSION = 5.0;
				TARGETED_DEVICE_FAMILY = "1,2";
			};
			name = Release;
		};
		763FE52C296E194400DFAB6C /* Debug */ = {
			isa = XCBuildConfiguration;
			buildSettings = {
				ALWAYS_EMBED_SWIFT_STANDARD_LIBRARIES = YES;
				BUNDLE_LOADER = "$(TEST_HOST)";
				CODE_SIGN_STYLE = Automatic;
				CURRENT_PROJECT_VERSION = 1;
				GENERATE_INFOPLIST_FILE = YES;
				IPHONEOS_DEPLOYMENT_TARGET = 16.2;
				MARKETING_VERSION = 1.0;
				PRODUCT_BUNDLE_IDENTIFIER = "ca.camosun.ics21-242.Lab1-2023Tests";
				PRODUCT_NAME = "$(TARGET_NAME)";
				SWIFT_EMIT_LOC_STRINGS = NO;
				SWIFT_VERSION = 5.0;
				TARGETED_DEVICE_FAMILY = "1,2";
				TEST_HOST = "$(BUILT_PRODUCTS_DIR)/Lab1_2023.app/$(BUNDLE_EXECUTABLE_FOLDER_PATH)/Lab1_2023";
			};
			name = Debug;
		};
		763FE52D296E194400DFAB6C /* Release */ = {
			isa = XCBuildConfiguration;
			buildSettings = {
				ALWAYS_EMBED_SWIFT_STANDARD_LIBRARIES = YES;
				BUNDLE_LOADER = "$(TEST_HOST)";
				CODE_SIGN_STYLE = Automatic;
				CURRENT_PROJECT_VERSION = 1;
				GENERATE_INFOPLIST_FILE = YES;
				IPHONEOS_DEPLOYMENT_TARGET = 16.2;
				MARKETING_VERSION = 1.0;
				PRODUCT_BUNDLE_IDENTIFIER = "ca.camosun.ics21-242.Lab1-2023Tests";
				PRODUCT_NAME = "$(TARGET_NAME)";
				SWIFT_EMIT_LOC_STRINGS = NO;
				SWIFT_VERSION = 5.0;
				TARGETED_DEVICE_FAMILY = "1,2";
				TEST_HOST = "$(BUILT_PRODUCTS_DIR)/Lab1_2023.app/$(BUNDLE_EXECUTABLE_FOLDER_PATH)/Lab1_2023";
			};
			name = Release;
		};
		763FE52F296E194400DFAB6C /* Debug */ = {
			isa = XCBuildConfiguration;
			buildSettings = {
				ALWAYS_EMBED_SWIFT_STANDARD_LIBRARIES = YES;
				CODE_SIGN_STYLE = Automatic;
				CURRENT_PROJECT_VERSION = 1;
				GENERATE_INFOPLIST_FILE = YES;
				MARKETING_VERSION = 1.0;
				PRODUCT_BUNDLE_IDENTIFIER = "ca.camosun.ics21-242.Lab1-2023UITests";
				PRODUCT_NAME = "$(TARGET_NAME)";
				SWIFT_EMIT_LOC_STRINGS = NO;
				SWIFT_VERSION = 5.0;
				TARGETED_DEVICE_FAMILY = "1,2";
				TEST_TARGET_NAME = Lab1_2023;
			};
			name = Debug;
		};
		763FE530296E194400DFAB6C /* Release */ = {
			isa = XCBuildConfiguration;
			buildSettings = {
				ALWAYS_EMBED_SWIFT_STANDARD_LIBRARIES = YES;
				CODE_SIGN_STYLE = Automatic;
				CURRENT_PROJECT_VERSION = 1;
				GENERATE_INFOPLIST_FILE = YES;
				MARKETING_VERSION = 1.0;
				PRODUCT_BUNDLE_IDENTIFIER = "ca.camosun.ics21-242.Lab1-2023UITests";
				PRODUCT_NAME = "$(TARGET_NAME)";
				SWIFT_EMIT_LOC_STRINGS = NO;
				SWIFT_VERSION = 5.0;
				TARGETED_DEVICE_FAMILY = "1,2";
				TEST_TARGET_NAME = Lab1_2023;
			};
			name = Release;
		};
/* End XCBuildConfiguration section */

/* Begin XCConfigurationList section */
		763FE4FF296E194100DFAB6C /* Build configuration list for PBXProject "Lab1_2023" */ = {
			isa = XCConfigurationList;
			buildConfigurations = (
				763FE526296E194400DFAB6C /* Debug */,
				763FE527296E194400DFAB6C /* Release */,
			);
			defaultConfigurationIsVisible = 0;
			defaultConfigurationName = Release;
		};
		763FE528296E194400DFAB6C /* Build configuration list for PBXNativeTarget "Lab1_2023" */ = {
			isa = XCConfigurationList;
			buildConfigurations = (
				763FE529296E194400DFAB6C /* Debug */,
				763FE52A296E194400DFAB6C /* Release */,
			);
			defaultConfigurationIsVisible = 0;
			defaultConfigurationName = Release;
		};
		763FE52B296E194400DFAB6C /* Build configuration list for PBXNativeTarget "Lab1_2023Tests" */ = {
			isa = XCConfigurationList;
			buildConfigurations = (
				763FE52C296E194400DFAB6C /* Debug */,
				763FE52D296E194400DFAB6C /* Release */,
			);
			defaultConfigurationIsVisible = 0;
			defaultConfigurationName = Release;
		};
		763FE52E296E194400DFAB6C /* Build configuration list for PBXNativeTarget "Lab1_2023UITests" */ = {
			isa = XCConfigurationList;
			buildConfigurations = (
				763FE52F296E194400DFAB6C /* Debug */,
				763FE530296E194400DFAB6C /* Release */,
			);
			defaultConfigurationIsVisible = 0;
			defaultConfigurationName = Release;
		};
/* End XCConfigurationList section */
	};
	rootObject = 763FE4FC296E194100DFAB6C /* Project object */;
}
